// !$*UTF8*$!
{
	archiveVersion = 1;
	classes = {
	};
	objectVersion = 77;
	objects = {

/* Begin PBXBuildFile section */
		AA7CC4F630279674007DA35F /* FirebaseFirestore in Frameworks */ = {isa = PBXBuildFile; productRef = AA7CC4F530279674007DA35F /* FirebaseFirestore */; };
		AA7CC4F830279680007DA35F /* FirebaseAppCheck in Frameworks */ = {isa = PBXBuildFile; productRef = AA7CC4F730279680007DA35F /* FirebaseAppCheck */; };
		AA7CC621302A13DE007DA35F /* FirebaseAnalytics in Frameworks */ = {isa = PBXBuildFile; productRef = AA7CC611302A13DE007DA35F /* FirebaseAnalytics */; };
		AA7CC622302A13DE007DA35F /* FirebaseCrashlytics in Frameworks */ = {isa = PBXBuildFile; productRef = AA7CC612302A13DE007DA35F /* FirebaseCrashlytics */; };
		AA7CC623302A13DE007DA35F /* FirebaseFirestore in Frameworks */ = {isa = PBXBuildFile; productRef = AA7CC613302A13DE007DA35F /* FirebaseFirestore */; };
		AA7CC624302A13DE007DA35F /* FirebaseAppCheck in Frameworks */ = {isa = PBXBuildFile; productRef = AA7CC614302A13DE007DA35F /* FirebaseAppCheck */; };
		AA7CC625302A13DE007DA35F /* GoogleMobileAds in Frameworks */ = {isa = PBXBuildFile; productRef = AA7CC615302A13DE007DA35F /* GoogleMobileAds */; };
		AA7CC7A2302A13DE007DA35F /* FirebasePerformance in Frameworks */ = {isa = PBXBuildFile; productRef = AA7CC7A1302A13DE007DA35F /* FirebasePerformance */; };
		AA7CC7A4302A13DE007DA35F /* FirebasePerformance in Frameworks */ = {isa = PBXBuildFile; productRef = AA7CC7A3302A13DE007DA35F /* FirebasePerformance */; };
		AA7CC7B2302A13DE007DA35F /* FirebaseMessaging in Frameworks */ = {isa = PBXBuildFile; productRef = AA7CC7B1302A13DE007DA35F /* FirebaseMessaging */; };
		AA7CC7B4302A13DE007DA35F /* FirebaseMessaging in Frameworks */ = {isa = PBXBuildFile; productRef = AA7CC7B3302A13DE007DA35F /* FirebaseMessaging */; };
		AA7CC7C2302A13DE007DA35F /* OneSignalFramework in Frameworks */ = {isa = PBXBuildFile; productRef = AA7CC7C1302A13DE007DA35F /* OneSignalFramework */; };
		AA7CC7C4302A13DE007DA35F /* OneSignalFramework in Frameworks */ = {isa = PBXBuildFile; productRef = AA7CC7C3302A13DE007DA35F /* OneSignalFramework */; };
		AA7CC80C302A13DE007DA35F /* OneSignalNSE.appex in Embed Foundation Extensions */ = {isa = PBXBuildFile; fileRef = AA7CC803302A13DE007DA35F /* OneSignalNSE.appex */; settings = {ATTRIBUTES = (RemoveHeadersOnCopy, ); }; };
		AA7CC80E302A13DE007DA35F /* OneSignalExtension in Frameworks */ = {isa = PBXBuildFile; productRef = AA7CC80D302A13DE007DA35F /* OneSignalExtension */; };
		AADAA70D3023ACC5006010F5 /* GoogleMobileAds in Frameworks */ = {isa = PBXBuildFile; productRef = AADAA70C3023ACC5006010F5 /* GoogleMobileAds */; };
		AAF4B1BD30245931001F7D2E /* FirebaseAnalytics in Frameworks */ = {isa = PBXBuildFile; productRef = AAF4B1BC30245931001F7D2E /* FirebaseAnalytics */; };
		AAF4B1BF30245931001F7D2E /* FirebaseCrashlytics in Frameworks */ = {isa = PBXBuildFile; productRef = AAF4B1BE30245931001F7D2E /* FirebaseCrashlytics */; };
		AAF4D4BA30247E5E001F7D2E /* WidgetKit.framework in Frameworks */ = {isa = PBXBuildFile; fileRef = AAF4D4B930247E5E001F7D2E /* WidgetKit.framework */; };
		AAF4D4BC30247E5E001F7D2E /* SwiftUI.framework in Frameworks */ = {isa = PBXBuildFile; fileRef = AAF4D4BB30247E5E001F7D2E /* SwiftUI.framework */; };
		AAF4D4CD30247E61001F7D2E /* TodayWidgetExtension.appex in Embed Foundation Extensions */ = {isa = PBXBuildFile; fileRef = AAF4D4B730247E5E001F7D2E /* TodayWidgetExtension.appex */; settings = {ATTRIBUTES = (RemoveHeadersOnCopy, ); }; };
		AAF4E02230250001001F7D2E /* WatchApp.app in Embed Watch Content */ = {isa = PBXBuildFile; fileRef = AAF4E00230250001001F7D2E /* WatchApp.app */; settings = {ATTRIBUTES = (RemoveHeadersOnCopy, ); }; };
		AAF4E02330250001001F7D2E /* WatchWidgetExtension.appex in Embed Foundation Extensions */ = {isa = PBXBuildFile; fileRef = AAF4E01230250001001F7D2E /* WatchWidgetExtension.appex */; settings = {ATTRIBUTES = (RemoveHeadersOnCopy, ); }; };
/* End PBXBuildFile section */

/* Begin PBXContainerItemProxy section */
		AA7CC706302A13DE007DA35F /* PBXContainerItemProxy */ = {
			isa = PBXContainerItemProxy;
			containerPortal = AADA495D3023578E006010F5 /* Project object */;
			proxyType = 1;
			remoteGlobalIDString = AA7CC519302A13DE007DA35F;
			remoteInfo = jlpt;
		};
		AA7CC80A302A13DE007DA35F /* PBXContainerItemProxy */ = {
			isa = PBXContainerItemProxy;
			containerPortal = AADA495D3023578E006010F5 /* Project object */;
			proxyType = 1;
			remoteGlobalIDString = AA7CC802302A13DE007DA35F;
			remoteInfo = OneSignalNSE;
		};
		AADA497530235791006010F5 /* PBXContainerItemProxy */ = {
			isa = PBXContainerItemProxy;
			containerPortal = AADA495D3023578E006010F5 /* Project object */;
			proxyType = 1;
			remoteGlobalIDString = AADA49643023578E006010F5;
			remoteInfo = nihongo;
		};
		AADA497F30235791006010F5 /* PBXContainerItemProxy */ = {
			isa = PBXContainerItemProxy;
			containerPortal = AADA495D3023578E006010F5 /* Project object */;
			proxyType = 1;
			remoteGlobalIDString = AADA49643023578E006010F5;
			remoteInfo = nihongo;
		};
		AAF4D4CB30247E61001F7D2E /* PBXContainerItemProxy */ = {
			isa = PBXContainerItemProxy;
			containerPortal = AADA495D3023578E006010F5 /* Project object */;
			proxyType = 1;
			remoteGlobalIDString = AAF4D4B630247E5E001F7D2E;
			remoteInfo = TodayWidgetExtension;
		};
		AAF4E02430250001001F7D2E /* PBXContainerItemProxy */ = {
			isa = PBXContainerItemProxy;
			containerPortal = AADA495D3023578E006010F5 /* Project object */;
			proxyType = 1;
			remoteGlobalIDString = AAF4E00130250001001F7D2E;
			remoteInfo = WatchApp;
		};
		AAF4E02630250001001F7D2E /* PBXContainerItemProxy */ = {
			isa = PBXContainerItemProxy;
			containerPortal = AADA495D3023578E006010F5 /* Project object */;
			proxyType = 1;
			remoteGlobalIDString = AAF4E01130250001001F7D2E;
			remoteInfo = WatchWidgetExtension;
		};
/* End PBXContainerItemProxy section */

/* Begin PBXCopyFilesBuildPhase section */
		AAF4D4D230247E61001F7D2E /* Embed Foundation Extensions */ = {
			isa = PBXCopyFilesBuildPhase;
			buildActionMask = 2147483647;
			dstPath = "";
			dstSubfolderSpec = 13;
			files = (
				AAF4D4CD30247E61001F7D2E /* TodayWidgetExtension.appex in Embed Foundation Extensions */,
				AA7CC80C302A13DE007DA35F /* OneSignalNSE.appex in Embed Foundation Extensions */,
			);
			name = "Embed Foundation Extensions";
			runOnlyForDeploymentPostprocessing = 0;
		};
		AAF4E00730250001001F7D2E /* Embed Foundation Extensions */ = {
			isa = PBXCopyFilesBuildPhase;
			buildActionMask = 2147483647;
			dstPath = "";
			dstSubfolderSpec = 13;
			files = (
				AAF4E02330250001001F7D2E /* WatchWidgetExtension.appex in Embed Foundation Extensions */,
			);
			name = "Embed Foundation Extensions";
			runOnlyForDeploymentPostprocessing = 0;
		};
		AAF4E02130250001001F7D2E /* Embed Watch Content */ = {
			isa = PBXCopyFilesBuildPhase;
			buildActionMask = 2147483647;
			dstPath = "$(CONTENTS_FOLDER_PATH)/Watch";
			dstSubfolderSpec = 16;
			files = (
				AAF4E02230250001001F7D2E /* WatchApp.app in Embed Watch Content */,
			);
			name = "Embed Watch Content";
			runOnlyForDeploymentPostprocessing = 0;
		};
/* End PBXCopyFilesBuildPhase section */

/* Begin PBXFileReference section */
		AA7CC51A302A13DE007DA35F /* jlpt.app */ = {isa = PBXFileReference; explicitFileType = wrapper.application; includeInIndex = 0; path = jlpt.app; sourceTree = BUILT_PRODUCTS_DIR; };
		AA7CC705302A13DE007DA35F /* jlptUITests.xctest */ = {isa = PBXFileReference; explicitFileType = wrapper.cfbundle; includeInIndex = 0; path = jlptUITests.xctest; sourceTree = BUILT_PRODUCTS_DIR; };
		AA7CC803302A13DE007DA35F /* OneSignalNSE.appex */ = {isa = PBXFileReference; explicitFileType = "wrapper.app-extension"; includeInIndex = 0; path = OneSignalNSE.appex; sourceTree = BUILT_PRODUCTS_DIR; };
		AADA49653023578E006010F5 /* nihongo.app */ = {isa = PBXFileReference; explicitFileType = wrapper.application; includeInIndex = 0; path = nihongo.app; sourceTree = BUILT_PRODUCTS_DIR; };
		AADA497430235791006010F5 /* nihongoTests.xctest */ = {isa = PBXFileReference; explicitFileType = wrapper.cfbundle; includeInIndex = 0; path = nihongoTests.xctest; sourceTree = BUILT_PRODUCTS_DIR; };
		AADA497E30235791006010F5 /* nihongoUITests.xctest */ = {isa = PBXFileReference; explicitFileType = wrapper.cfbundle; includeInIndex = 0; path = nihongoUITests.xctest; sourceTree = BUILT_PRODUCTS_DIR; };
		AAF4D4B730247E5E001F7D2E /* TodayWidgetExtension.appex */ = {isa = PBXFileReference; explicitFileType = "wrapper.app-extension"; includeInIndex = 0; path = TodayWidgetExtension.appex; sourceTree = BUILT_PRODUCTS_DIR; };
		AAF4D4B930247E5E001F7D2E /* WidgetKit.framework */ = {isa = PBXFileReference; lastKnownFileType = wrapper.framework; name = WidgetKit.framework; path = System/Library/Frameworks/WidgetKit.framework; sourceTree = SDKROOT; };
		AAF4D4BB30247E5E001F7D2E /* SwiftUI.framework */ = {isa = PBXFileReference; lastKnownFileType = wrapper.framework; name = SwiftUI.framework; path = System/Library/Frameworks/SwiftUI.framework; sourceTree = SDKROOT; };
		AAF4E00230250001001F7D2E /* WatchApp.app */ = {isa = PBXFileReference; explicitFileType = wrapper.application; includeInIndex = 0; path = WatchApp.app; sourceTree = BUILT_PRODUCTS_DIR; };
		AAF4E01230250001001F7D2E /* WatchWidgetExtension.appex */ = {isa = PBXFileReference; explicitFileType = "wrapper.app-extension"; includeInIndex = 0; path = WatchWidgetExtension.appex; sourceTree = BUILT_PRODUCTS_DIR; };
/* End PBXFileReference section */

/* Begin PBXFileSystemSynchronizedBuildFileExceptionSet section */
		AA7CC601302A13DE007DA35F /* Exceptions for "nihongo" folder in "jlpt" target */ = {
			isa = PBXFileSystemSynchronizedBuildFileExceptionSet;
			membershipExceptions = (
				Assets.xcassets,
				"GoogleService-Info.plist",
				nihongoApp.swift,
				Resources/MinnaData.json,
				Secrets.plist,
				Store/Products.storekit,
			);
			target = AA7CC519302A13DE007DA35F /* jlpt */;
		};
		AAF4D4CE30247E61001F7D2E /* Exceptions for "TodayWidget" folder in "TodayWidgetExtension" target */ = {
			isa = PBXFileSystemSynchronizedBuildFileExceptionSet;
			membershipExceptions = (
				Info.plist,
			);
			target = AAF4D4B630247E5E001F7D2E /* TodayWidgetExtension */;
		};
		AAF4E01B30250001001F7D2E /* Exceptions for "WatchWidget" folder in "WatchWidgetExtension" target */ = {
			isa = PBXFileSystemSynchronizedBuildFileExceptionSet;
			membershipExceptions = (
				Info.plist,
			);
			target = AAF4E01130250001001F7D2E /* WatchWidgetExtension */;
		};
/* End PBXFileSystemSynchronizedBuildFileExceptionSet section */

/* Begin PBXFileSystemSynchronizedRootGroup section */
		AA5HA2ED30250002001F7D2E /* Shared */ = {
			isa = PBXFileSystemSynchronizedRootGroup;
			path = Shared;
			sourceTree = "<group>";
		};
		AA7CC51B302A13DE007DA35F /* Apps/jlpt */ = {
			isa = PBXFileSystemSynchronizedRootGroup;
			path = Apps/jlpt;
			sourceTree = "<group>";
		};
		AA7CC801302A13DE007DA35F /* OneSignalNSE */ = {
			isa = PBXFileSystemSynchronizedRootGroup;
			path = OneSignalNSE;
			sourceTree = "<group>";
		};
		AADA49673023578E006010F5 /* nihongo */ = {
			isa = PBXFileSystemSynchronizedRootGroup;
			exceptions = (
				AA7CC601302A13DE007DA35F /* Exceptions for "nihongo" folder in "jlpt" target */,
			);
			path = nihongo;
			sourceTree = "<group>";
		};
		AADA497730235791006010F5 /* nihongoTests */ = {
			isa = PBXFileSystemSynchronizedRootGroup;
			path = nihongoTests;
			sourceTree = "<group>";
		};
		AADA498130235791006010F5 /* nihongoUITests */ = {
			isa = PBXFileSystemSynchronizedRootGroup;
			path = nihongoUITests;
			sourceTree = "<group>";
		};
		AAF4D4BD30247E5E001F7D2E /* TodayWidget */ = {
			isa = PBXFileSystemSynchronizedRootGroup;
			exceptions = (
				AAF4D4CE30247E61001F7D2E /* Exceptions for "TodayWidget" folder in "TodayWidgetExtension" target */,
			);
			path = TodayWidget;
			sourceTree = "<group>";
		};
		AAF4E00330250001001F7D2E /* WatchApp */ = {
			isa = PBXFileSystemSynchronizedRootGroup;
			path = WatchApp;
			sourceTree = "<group>";
		};
		AAF4E01330250001001F7D2E /* WatchWidget */ = {
			isa = PBXFileSystemSynchronizedRootGroup;
			exceptions = (
				AAF4E01B30250001001F7D2E /* Exceptions for "WatchWidget" folder in "WatchWidgetExtension" target */,
			);
			path = WatchWidget;
			sourceTree = "<group>";
		};
/* End PBXFileSystemSynchronizedRootGroup section */

/* Begin PBXFrameworksBuildPhase section */
		AA7CC517302A13DE007DA35F /* Frameworks */ = {
			isa = PBXFrameworksBuildPhase;
			buildActionMask = 2147483647;
			files = (
				AA7CC622302A13DE007DA35F /* FirebaseCrashlytics in Frameworks */,
				AA7CC623302A13DE007DA35F /* FirebaseFirestore in Frameworks */,
				AA7CC621302A13DE007DA35F /* FirebaseAnalytics in Frameworks */,
				AA7CC624302A13DE007DA35F /* FirebaseAppCheck in Frameworks */,
				AA7CC625302A13DE007DA35F /* GoogleMobileAds in Frameworks */,
				AA7CC7A2302A13DE007DA35F /* FirebasePerformance in Frameworks */,
				AA7CC7B2302A13DE007DA35F /* FirebaseMessaging in Frameworks */,
				AA7CC7C2302A13DE007DA35F /* OneSignalFramework in Frameworks */,
			);
			runOnlyForDeploymentPostprocessing = 0;
		};
		AA7CC703302A13DE007DA35F /* Frameworks */ = {
			isa = PBXFrameworksBuildPhase;
			buildActionMask = 2147483647;
			files = (
			);
			runOnlyForDeploymentPostprocessing = 0;
		};
		AA7CC805302A13DE007DA35F /* Frameworks */ = {
			isa = PBXFrameworksBuildPhase;
			buildActionMask = 2147483647;
			files = (
				AA7CC80E302A13DE007DA35F /* OneSignalExtension in Frameworks */,
			);
			runOnlyForDeploymentPostprocessing = 0;
		};
		AADA49623023578E006010F5 /* Frameworks */ = {
			isa = PBXFrameworksBuildPhase;
			buildActionMask = 2147483647;
			files = (
				AAF4B1BF30245931001F7D2E /* FirebaseCrashlytics in Frameworks */,
				AA7CC4F630279674007DA35F /* FirebaseFirestore in Frameworks */,
				AAF4B1BD30245931001F7D2E /* FirebaseAnalytics in Frameworks */,
				AA7CC4F830279680007DA35F /* FirebaseAppCheck in Frameworks */,
				AADAA70D3023ACC5006010F5 /* GoogleMobileAds in Frameworks */,
				AA7CC7A4302A13DE007DA35F /* FirebasePerformance in Frameworks */,
				AA7CC7B4302A13DE007DA35F /* FirebaseMessaging in Frameworks */,
				AA7CC7C4302A13DE007DA35F /* OneSignalFramework in Frameworks */,
			);
			runOnlyForDeploymentPostprocessing = 0;
		};
		AADA497130235791006010F5 /* Frameworks */ = {
			isa = PBXFrameworksBuildPhase;
			buildActionMask = 2147483647;
			files = (
			);
			runOnlyForDeploymentPostprocessing = 0;
		};
		AADA497B30235791006010F5 /* Frameworks */ = {
			isa = PBXFrameworksBuildPhase;
			buildActionMask = 2147483647;
			files = (
			);
			runOnlyForDeploymentPostprocessing = 0;
		};
		AAF4D4B430247E5E001F7D2E /* Frameworks */ = {
			isa = PBXFrameworksBuildPhase;
			buildActionMask = 2147483647;
			files = (
				AAF4D4BC30247E5E001F7D2E /* SwiftUI.framework in Frameworks */,
				AAF4D4BA30247E5E001F7D2E /* WidgetKit.framework in Frameworks */,
			);
			runOnlyForDeploymentPostprocessing = 0;
		};
		AAF4E00530250001001F7D2E /* Frameworks */ = {
			isa = PBXFrameworksBuildPhase;
			buildActionMask = 2147483647;
			files = (
			);
			runOnlyForDeploymentPostprocessing = 0;
		};
		AAF4E01530250001001F7D2E /* Frameworks */ = {
			isa = PBXFrameworksBuildPhase;
			buildActionMask = 2147483647;
			files = (
			);
			runOnlyForDeploymentPostprocessing = 0;
		};
/* End PBXFrameworksBuildPhase section */

/* Begin PBXGroup section */
		AADA495C3023578E006010F5 = {
			isa = PBXGroup;
			children = (
				AA5HA2ED30250002001F7D2E /* Shared */,
				AADA49673023578E006010F5 /* nihongo */,
				AADA497730235791006010F5 /* nihongoTests */,
				AADA498130235791006010F5 /* nihongoUITests */,
				AAF4D4BD30247E5E001F7D2E /* TodayWidget */,
				AAF4E00330250001001F7D2E /* WatchApp */,
				AAF4E01330250001001F7D2E /* WatchWidget */,
				AA7CC51B302A13DE007DA35F /* Apps/jlpt */,
				AA7CC801302A13DE007DA35F /* OneSignalNSE */,
				AAF4D4B830247E5E001F7D2E /* Frameworks */,
				AADA49663023578E006010F5 /* Products */,
			);
			sourceTree = "<group>";
		};
		AADA49663023578E006010F5 /* Products */ = {
			isa = PBXGroup;
			children = (
				AADA49653023578E006010F5 /* nihongo.app */,
				AA7CC803302A13DE007DA35F /* OneSignalNSE.appex */,
				AADA497430235791006010F5 /* nihongoTests.xctest */,
				AADA497E30235791006010F5 /* nihongoUITests.xctest */,
				AAF4D4B730247E5E001F7D2E /* TodayWidgetExtension.appex */,
				AAF4E00230250001001F7D2E /* WatchApp.app */,
				AAF4E01230250001001F7D2E /* WatchWidgetExtension.appex */,
				AA7CC51A302A13DE007DA35F /* jlpt.app */,
				AA7CC705302A13DE007DA35F /* jlptUITests.xctest */,
			);
			name = Products;
			sourceTree = "<group>";
		};
		AAF4D4B830247E5E001F7D2E /* Frameworks */ = {
			isa = PBXGroup;
			children = (
				AAF4D4B930247E5E001F7D2E /* WidgetKit.framework */,
				AAF4D4BB30247E5E001F7D2E /* SwiftUI.framework */,
			);
			name = Frameworks;
			sourceTree = "<group>";
		};
/* End PBXGroup section */

/* Begin PBXNativeTarget section */
		AA7CC519302A13DE007DA35F /* jlpt */ = {
			isa = PBXNativeTarget;
			buildConfigurationList = AA7CC522302A13E1007DA35F /* Build configuration list for PBXNativeTarget "jlpt" */;
			buildPhases = (
				AA7CC516302A13DE007DA35F /* Sources */,
				AA7CC517302A13DE007DA35F /* Frameworks */,
				AA7CC518302A13DE007DA35F /* Resources */,
			);
			buildRules = (
			);
			dependencies = (
			);
			fileSystemSynchronizedGroups = (
				AA5HA2ED30250002001F7D2E /* Shared */,
				AA7CC51B302A13DE007DA35F /* Apps/jlpt */,
				AADA49673023578E006010F5 /* nihongo */,
			);
			name = jlpt;
			packageProductDependencies = (
				AA7CC615302A13DE007DA35F /* GoogleMobileAds */,
				AA7CC611302A13DE007DA35F /* FirebaseAnalytics */,
				AA7CC612302A13DE007DA35F /* FirebaseCrashlytics */,
				AA7CC613302A13DE007DA35F /* FirebaseFirestore */,
				AA7CC614302A13DE007DA35F /* FirebaseAppCheck */,
				AA7CC7A1302A13DE007DA35F /* FirebasePerformance */,
				AA7CC7B1302A13DE007DA35F /* FirebaseMessaging */,
				AA7CC7C1302A13DE007DA35F /* OneSignalFramework */,
			);
			productName = jlpt;
			productReference = AA7CC51A302A13DE007DA35F /* jlpt.app */;
			productType = "com.apple.product-type.application";
		};
		AA7CC701302A13DE007DA35F /* jlptUITests */ = {
			isa = PBXNativeTarget;
			buildConfigurationList = AA7CC708302A13DE007DA35F /* Build configuration list for PBXNativeTarget "jlptUITests" */;
			buildPhases = (
				AA7CC702302A13DE007DA35F /* Sources */,
				AA7CC703302A13DE007DA35F /* Frameworks */,
				AA7CC704302A13DE007DA35F /* Resources */,
			);
			buildRules = (
			);
			dependencies = (
				AA7CC707302A13DE007DA35F /* PBXTargetDependency */,
			);
			fileSystemSynchronizedGroups = (
				AADA498130235791006010F5 /* nihongoUITests */,
			);
			name = jlptUITests;
			packageProductDependencies = (
			);
			productName = jlptUITests;
			productReference = AA7CC705302A13DE007DA35F /* jlptUITests.xctest */;
			productType = "com.apple.product-type.bundle.ui-testing";
		};
		AA7CC802302A13DE007DA35F /* OneSignalNSE */ = {
			isa = PBXNativeTarget;
			buildConfigurationList = AA7CC807302A13DE007DA35F /* Build configuration list for PBXNativeTarget "OneSignalNSE" */;
			buildPhases = (
				AA7CC804302A13DE007DA35F /* Sources */,
				AA7CC805302A13DE007DA35F /* Frameworks */,
				AA7CC806302A13DE007DA35F /* Resources */,
			);
			buildRules = (
			);
			dependencies = (
			);
			fileSystemSynchronizedGroups = (
				AA7CC801302A13DE007DA35F /* OneSignalNSE */,
			);
			name = OneSignalNSE;
			packageProductDependencies = (
				AA7CC80D302A13DE007DA35F /* OneSignalExtension */,
			);
			productName = OneSignalNSE;
			productReference = AA7CC803302A13DE007DA35F /* OneSignalNSE.appex */;
			productType = "com.apple.product-type.app-extension";
		};
		AADA49643023578E006010F5 /* nihongo */ = {
			isa = PBXNativeTarget;
			buildConfigurationList = AADA498830235791006010F5 /* Build configuration list for PBXNativeTarget "nihongo" */;
			buildPhases = (
				AADA49613023578E006010F5 /* Sources */,
				AADA49623023578E006010F5 /* Frameworks */,
				AADA49633023578E006010F5 /* Resources */,
				AAF4D4D230247E61001F7D2E /* Embed Foundation Extensions */,
				AAF4E02130250001001F7D2E /* Embed Watch Content */,
			);
			buildRules = (
			);
			dependencies = (
				AAF4D4CC30247E61001F7D2E /* PBXTargetDependency */,
				AAF4E02530250001001F7D2E /* PBXTargetDependency */,
				AA7CC80B302A13DE007DA35F /* PBXTargetDependency */,
			);
			fileSystemSynchronizedGroups = (
				AA5HA2ED30250002001F7D2E /* Shared */,
				AADA49673023578E006010F5 /* nihongo */,
			);
			name = nihongo;
			packageProductDependencies = (
				AADAA70C3023ACC5006010F5 /* GoogleMobileAds */,
				AAF4B1BC30245931001F7D2E /* FirebaseAnalytics */,
				AAF4B1BE30245931001F7D2E /* FirebaseCrashlytics */,
				AA7CC4F530279674007DA35F /* FirebaseFirestore */,
				AA7CC4F730279680007DA35F /* FirebaseAppCheck */,
				AA7CC7A3302A13DE007DA35F /* FirebasePerformance */,
				AA7CC7B3302A13DE007DA35F /* FirebaseMessaging */,
				AA7CC7C3302A13DE007DA35F /* OneSignalFramework */,
			);
			productName = nihongo;
			productReference = AADA49653023578E006010F5 /* nihongo.app */;
			productType = "com.apple.product-type.application";
		};
		AADA497330235791006010F5 /* nihongoTests */ = {
			isa = PBXNativeTarget;
			buildConfigurationList = AADA498B30235791006010F5 /* Build configuration list for PBXNativeTarget "nihongoTests" */;
			buildPhases = (
				AADA497030235791006010F5 /* Sources */,
				AADA497130235791006010F5 /* Frameworks */,
				AADA497230235791006010F5 /* Resources */,
			);
			buildRules = (
			);
			dependencies = (
				AADA497630235791006010F5 /* PBXTargetDependency */,
			);
			fileSystemSynchronizedGroups = (
				AADA497730235791006010F5 /* nihongoTests */,
			);
			name = nihongoTests;
			packageProductDependencies = (
			);
			productName = nihongoTests;
			productReference = AADA497430235791006010F5 /* nihongoTests.xctest */;
			productType = "com.apple.product-type.bundle.unit-test";
		};
		AADA497D30235791006010F5 /* nihongoUITests */ = {
			isa = PBXNativeTarget;
			buildConfigurationList = AADA498E30235791006010F5 /* Build configuration list for PBXNativeTarget "nihongoUITests" */;
			buildPhases = (
				AADA497A30235791006010F5 /* Sources */,
				AADA497B30235791006010F5 /* Frameworks */,
				AADA497C30235791006010F5 /* Resources */,
			);
			buildRules = (
			);
			dependencies = (
				AADA498030235791006010F5 /* PBXTargetDependency */,
			);
			fileSystemSynchronizedGroups = (
				AADA498130235791006010F5 /* nihongoUITests */,
			);
			name = nihongoUITests;
			packageProductDependencies = (
			);
			productName = nihongoUITests;
			productReference = AADA497E30235791006010F5 /* nihongoUITests.xctest */;
			productType = "com.apple.product-type.bundle.ui-testing";
		};
		AAF4D4B630247E5E001F7D2E /* TodayWidgetExtension */ = {
			isa = PBXNativeTarget;
			buildConfigurationList = AAF4D4CF30247E61001F7D2E /* Build configuration list for PBXNativeTarget "TodayWidgetExtension" */;
			buildPhases = (
				AAF4D4B330247E5E001F7D2E /* Sources */,
				AAF4D4B430247E5E001F7D2E /* Frameworks */,
				AAF4D4B530247E5E001F7D2E /* Resources */,
			);
			buildRules = (
			);
			dependencies = (
			);
			fileSystemSynchronizedGroups = (
				AA5HA2ED30250002001F7D2E /* Shared */,
				AAF4D4BD30247E5E001F7D2E /* TodayWidget */,
			);
			name = TodayWidgetExtension;
			packageProductDependencies = (
			);
			productName = TodayWidgetExtension;
			productReference = AAF4D4B730247E5E001F7D2E /* TodayWidgetExtension.appex */;
			productType = "com.apple.product-type.app-extension";
		};
		AAF4E00130250001001F7D2E /* WatchApp */ = {
			isa = PBXNativeTarget;
			buildConfigurationList = AAF4E00830250001001F7D2E /* Build configuration list for PBXNativeTarget "WatchApp" */;
			buildPhases = (
				AAF4E00430250001001F7D2E /* Sources */,
				AAF4E00530250001001F7D2E /* Frameworks */,
				AAF4E00630250001001F7D2E /* Resources */,
				AAF4E00730250001001F7D2E /* Embed Foundation Extensions */,
			);
			buildRules = (
			);
			dependencies = (
				AAF4E02730250001001F7D2E /* PBXTargetDependency */,
			);
			fileSystemSynchronizedGroups = (
				AA5HA2ED30250002001F7D2E /* Shared */,
				AAF4E00330250001001F7D2E /* WatchApp */,
			);
			name = WatchApp;
			packageProductDependencies = (
			);
			productName = WatchApp;
			productReference = AAF4E00230250001001F7D2E /* WatchApp.app */;
			productType = "com.apple.product-type.application";
		};
		AAF4E01130250001001F7D2E /* WatchWidgetExtension */ = {
			isa = PBXNativeTarget;
			buildConfigurationList = AAF4E01830250001001F7D2E /* Build configuration list for PBXNativeTarget "WatchWidgetExtension" */;
			buildPhases = (
				AAF4E01430250001001F7D2E /* Sources */,
				AAF4E01530250001001F7D2E /* Frameworks */,
				AAF4E01630250001001F7D2E /* Resources */,
			);
			buildRules = (
			);
			dependencies = (
			);
			fileSystemSynchronizedGroups = (
				AA5HA2ED30250002001F7D2E /* Shared */,
				AAF4E01330250001001F7D2E /* WatchWidget */,
			);
			name = WatchWidgetExtension;
			packageProductDependencies = (
			);
			productName = WatchWidgetExtension;
			productReference = AAF4E01230250001001F7D2E /* WatchWidgetExtension.appex */;
			productType = "com.apple.product-type.app-extension";
		};
/* End PBXNativeTarget section */

/* Begin PBXProject section */
		AADA495D3023578E006010F5 /* Project object */ = {
			isa = PBXProject;
			attributes = {
				BuildIndependentTargetsInParallel = 1;
				LastSwiftUpdateCheck = 2660;
				LastUpgradeCheck = 2660;
				TargetAttributes = {
					AA7CC519302A13DE007DA35F = {
						CreatedOnToolsVersion = 26.6;
					};
					AA7CC701302A13DE007DA35F = {
						CreatedOnToolsVersion = 26.6;
						TestTargetID = AA7CC519302A13DE007DA35F;
					};
					AADA49643023578E006010F5 = {
						CreatedOnToolsVersion = 26.6;
					};
					AADA497330235791006010F5 = {
						CreatedOnToolsVersion = 26.6;
						TestTargetID = AADA49643023578E006010F5;
					};
					AADA497D30235791006010F5 = {
						CreatedOnToolsVersion = 26.6;
						TestTargetID = AADA49643023578E006010F5;
					};
					AAF4D4B630247E5E001F7D2E = {
						CreatedOnToolsVersion = 26.6;
					};
					AAF4E00130250001001F7D2E = {
						CreatedOnToolsVersion = 26.6;
					};
					AAF4E01130250001001F7D2E = {
						CreatedOnToolsVersion = 26.6;
					};
				};
			};
			buildConfigurationList = AADA49603023578E006010F5 /* Build configuration list for PBXProject "nihongo" */;
			developmentRegion = en;
			hasScannedForEncodings = 0;
			knownRegions = (
				en,
				Base,
			);
			mainGroup = AADA495C3023578E006010F5;
			minimizedProjectReferenceProxies = 1;
			packageReferences = (
				AADAA70B3023ACC5006010F5 /* XCRemoteSwiftPackageReference "swift-package-manager-google-mobile-ads" */,
				AAF4B1BB30245931001F7D2E /* XCRemoteSwiftPackageReference "firebase-ios-sdk" */,
				AA7CC7D0302A13DE007DA35F /* XCRemoteSwiftPackageReference "OneSignal-XCFramework" */,
			);
			preferredProjectObjectVersion = 77;
			productRefGroup = AADA49663023578E006010F5 /* Products */;
			projectDirPath = "";
			projectRoot = "";
			targets = (
				AADA49643023578E006010F5 /* nihongo */,
				AADA497330235791006010F5 /* nihongoTests */,
				AADA497D30235791006010F5 /* nihongoUITests */,
				AAF4D4B630247E5E001F7D2E /* TodayWidgetExtension */,
				AAF4E00130250001001F7D2E /* WatchApp */,
				AAF4E01130250001001F7D2E /* WatchWidgetExtension */,
				AA7CC519302A13DE007DA35F /* jlpt */,
				AA7CC701302A13DE007DA35F /* jlptUITests */,
				AA7CC802302A13DE007DA35F /* OneSignalNSE */,
			);
		};
/* End PBXProject section */

/* Begin PBXResourcesBuildPhase section */
		AA7CC518302A13DE007DA35F /* Resources */ = {
			isa = PBXResourcesBuildPhase;
			buildActionMask = 2147483647;
			files = (
			);
			runOnlyForDeploymentPostprocessing = 0;
		};
		AA7CC704302A13DE007DA35F /* Resources */ = {
			isa = PBXResourcesBuildPhase;
			buildActionMask = 2147483647;
			files = (
			);
			runOnlyForDeploymentPostprocessing = 0;
		};
		AA7CC806302A13DE007DA35F /* Resources */ = {
			isa = PBXResourcesBuildPhase;
			buildActionMask = 2147483647;
			files = (
			);
			runOnlyForDeploymentPostprocessing = 0;
		};
		AADA49633023578E006010F5 /* Resources */ = {
			isa = PBXResourcesBuildPhase;
			buildActionMask = 2147483647;
			files = (
			);
			runOnlyForDeploymentPostprocessing = 0;
		};
		AADA497230235791006010F5 /* Resources */ = {
			isa = PBXResourcesBuildPhase;
			buildActionMask = 2147483647;
			files = (
			);
			runOnlyForDeploymentPostprocessing = 0;
		};
		AADA497C30235791006010F5 /* Resources */ = {
			isa = PBXResourcesBuildPhase;
			buildActionMask = 2147483647;
			files = (
			);
			runOnlyForDeploymentPostprocessing = 0;
		};
		AAF4D4B530247E5E001F7D2E /* Resources */ = {
			isa = PBXResourcesBuildPhase;
			buildActionMask = 2147483647;
			files = (
			);
			runOnlyForDeploymentPostprocessing = 0;
		};
		AAF4E00630250001001F7D2E /* Resources */ = {
			isa = PBXResourcesBuildPhase;
			buildActionMask = 2147483647;
			files = (
			);
			runOnlyForDeploymentPostprocessing = 0;
		};
		AAF4E01630250001001F7D2E /* Resources */ = {
			isa = PBXResourcesBuildPhase;
			buildActionMask = 2147483647;
			files = (
			);
			runOnlyForDeploymentPostprocessing = 0;
		};
/* End PBXResourcesBuildPhase section */

/* Begin PBXSourcesBuildPhase section */
		AA7CC516302A13DE007DA35F /* Sources */ = {
			isa = PBXSourcesBuildPhase;
			buildActionMask = 2147483647;
			files = (
			);
			runOnlyForDeploymentPostprocessing = 0;
		};
		AA7CC702302A13DE007DA35F /* Sources */ = {
			isa = PBXSourcesBuildPhase;
			buildActionMask = 2147483647;
			files = (
			);
			runOnlyForDeploymentPostprocessing = 0;
		};
		AA7CC804302A13DE007DA35F /* Sources */ = {
			isa = PBXSourcesBuildPhase;
			buildActionMask = 2147483647;
			files = (
			);
			runOnlyForDeploymentPostprocessing = 0;
		};
		AADA49613023578E006010F5 /* Sources */ = {
			isa = PBXSourcesBuildPhase;
			buildActionMask = 2147483647;
			files = (
			);
			runOnlyForDeploymentPostprocessing = 0;
		};
		AADA497030235791006010F5 /* Sources */ = {
			isa = PBXSourcesBuildPhase;
			buildActionMask = 2147483647;
			files = (
			);
			runOnlyForDeploymentPostprocessing = 0;
		};
		AADA497A30235791006010F5 /* Sources */ = {
			isa = PBXSourcesBuildPhase;
			buildActionMask = 2147483647;
			files = (
			);
			runOnlyForDeploymentPostprocessing = 0;
		};
		AAF4D4B330247E5E001F7D2E /* Sources */ = {
			isa = PBXSourcesBuildPhase;
			buildActionMask = 2147483647;
			files = (
			);
			runOnlyForDeploymentPostprocessing = 0;
		};
		AAF4E00430250001001F7D2E /* Sources */ = {
			isa = PBXSourcesBuildPhase;
			buildActionMask = 2147483647;
			files = (
			);
			runOnlyForDeploymentPostprocessing = 0;
		};
		AAF4E01430250001001F7D2E /* Sources */ = {
			isa = PBXSourcesBuildPhase;
			buildActionMask = 2147483647;
			files = (
			);
			runOnlyForDeploymentPostprocessing = 0;
		};
/* End PBXSourcesBuildPhase section */

/* Begin PBXTargetDependency section */
		AA7CC707302A13DE007DA35F /* PBXTargetDependency */ = {
			isa = PBXTargetDependency;
			target = AA7CC519302A13DE007DA35F /* jlpt */;
			targetProxy = AA7CC706302A13DE007DA35F /* PBXContainerItemProxy */;
		};
		AA7CC80B302A13DE007DA35F /* PBXTargetDependency */ = {
			isa = PBXTargetDependency;
			target = AA7CC802302A13DE007DA35F /* OneSignalNSE */;
			targetProxy = AA7CC80A302A13DE007DA35F /* PBXContainerItemProxy */;
		};
		AADA497630235791006010F5 /* PBXTargetDependency */ = {
			isa = PBXTargetDependency;
			target = AADA49643023578E006010F5 /* nihongo */;
			targetProxy = AADA497530235791006010F5 /* PBXContainerItemProxy */;
		};
		AADA498030235791006010F5 /* PBXTargetDependency */ = {
			isa = PBXTargetDependency;
			target = AADA49643023578E006010F5 /* nihongo */;
			targetProxy = AADA497F30235791006010F5 /* PBXContainerItemProxy */;
		};
		AAF4D4CC30247E61001F7D2E /* PBXTargetDependency */ = {
			isa = PBXTargetDependency;
			target = AAF4D4B630247E5E001F7D2E /* TodayWidgetExtension */;
			targetProxy = AAF4D4CB30247E61001F7D2E /* PBXContainerItemProxy */;
		};
		AAF4E02530250001001F7D2E /* PBXTargetDependency */ = {
			isa = PBXTargetDependency;
			target = AAF4E00130250001001F7D2E /* WatchApp */;
			targetProxy = AAF4E02430250001001F7D2E /* PBXContainerItemProxy */;
		};
		AAF4E02730250001001F7D2E /* PBXTargetDependency */ = {
			isa = PBXTargetDependency;
			target = AAF4E01130250001001F7D2E /* WatchWidgetExtension */;
			targetProxy = AAF4E02630250001001F7D2E /* PBXContainerItemProxy */;
		};
/* End PBXTargetDependency section */

/* Begin XCBuildConfiguration section */
		AA7CC523302A13E1007DA35F /* Debug */ = {
			isa = XCBuildConfiguration;
			buildSettings = {
				ASSETCATALOG_COMPILER_APPICON_NAME = AppIcon;
				ASSETCATALOG_COMPILER_GLOBAL_ACCENT_COLOR_NAME = AccentColor;
				CODE_SIGN_ENTITLEMENTS = jlpt.entitlements;
				CODE_SIGN_STYLE = Automatic;
				CURRENT_PROJECT_VERSION = 1;
				DEVELOPMENT_TEAM = CC4C8V8BXN;
				ENABLE_PREVIEWS = YES;
				GENERATE_INFOPLIST_FILE = YES;
				INFOPLIST_FILE = "jlpt-Info.plist";
				INFOPLIST_KEY_CFBundleDisplayName = "JLPT Daily";
				INFOPLIST_KEY_ITSAppUsesNonExemptEncryption = NO;
				INFOPLIST_KEY_LSApplicationCategoryType = "public.app-category.education";
				INFOPLIST_KEY_UIApplicationSceneManifest_Generation = YES;
				INFOPLIST_KEY_UIApplicationSupportsIndirectInputEvents = YES;
				INFOPLIST_KEY_UILaunchScreen_Generation = YES;
				INFOPLIST_KEY_UISupportedInterfaceOrientations_iPad = "UIInterfaceOrientationPortrait UIInterfaceOrientationPortraitUpsideDown UIInterfaceOrientationLandscapeLeft UIInterfaceOrientationLandscapeRight";
				INFOPLIST_KEY_UISupportedInterfaceOrientations_iPhone = "UIInterfaceOrientationPortrait UIInterfaceOrientationLandscapeLeft UIInterfaceOrientationLandscapeRight";
				LD_RUNPATH_SEARCH_PATHS = (
					"$(inherited)",
					"@executable_path/Frameworks",
				);
				MARKETING_VERSION = 1.0.0;
				PRODUCT_BUNDLE_IDENTIFIER = com.kfpun.jlptjp;
				PRODUCT_NAME = "$(TARGET_NAME)";
				STRING_CATALOG_GENERATE_SYMBOLS = YES;
				SWIFT_ACTIVE_COMPILATION_CONDITIONS = "COURSE_JLPT $(inherited)";
				SWIFT_APPROACHABLE_CONCURRENCY = YES;
				SWIFT_DEFAULT_ACTOR_ISOLATION = MainActor;
				SWIFT_EMIT_LOC_STRINGS = YES;
				SWIFT_UPCOMING_FEATURE_MEMBER_IMPORT_VISIBILITY = YES;
				SWIFT_VERSION = 5.0;
				TARGETED_DEVICE_FAMILY = "1,2";
			};
			name = Debug;
		};
		AA7CC524302A13E1007DA35F /* Release */ = {
			isa = XCBuildConfiguration;
			buildSettings = {
				ASSETCATALOG_COMPILER_APPICON_NAME = AppIcon;
				ASSETCATALOG_COMPILER_GLOBAL_ACCENT_COLOR_NAME = AccentColor;
				CODE_SIGN_ENTITLEMENTS = jlpt.entitlements;
				CODE_SIGN_STYLE = Automatic;
				CURRENT_PROJECT_VERSION = 1;
				DEVELOPMENT_TEAM = CC4C8V8BXN;
				ENABLE_PREVIEWS = YES;
				GENERATE_INFOPLIST_FILE = YES;
				INFOPLIST_FILE = "jlpt-Info.plist";
				INFOPLIST_KEY_CFBundleDisplayName = "JLPT Daily";
				INFOPLIST_KEY_ITSAppUsesNonExemptEncryption = NO;
				INFOPLIST_KEY_LSApplicationCategoryType = "public.app-category.education";
				INFOPLIST_KEY_UIApplicationSceneManifest_Generation = YES;
				INFOPLIST_KEY_UIApplicationSupportsIndirectInputEvents = YES;
				INFOPLIST_KEY_UILaunchScreen_Generation = YES;
				INFOPLIST_KEY_UISupportedInterfaceOrientations_iPad = "UIInterfaceOrientationPortrait UIInterfaceOrientationPortraitUpsideDown UIInterfaceOrientationLandscapeLeft UIInterfaceOrientationLandscapeRight";
				INFOPLIST_KEY_UISupportedInterfaceOrientations_iPhone = "UIInterfaceOrientationPortrait UIInterfaceOrientationLandscapeLeft UIInterfaceOrientationLandscapeRight";
				LD_RUNPATH_SEARCH_PATHS = (
					"$(inherited)",
					"@executable_path/Frameworks",
				);
				MARKETING_VERSION = 1.0.0;
				PRODUCT_BUNDLE_IDENTIFIER = com.kfpun.jlptjp;
				PRODUCT_NAME = "$(TARGET_NAME)";
				STRING_CATALOG_GENERATE_SYMBOLS = YES;
				SWIFT_ACTIVE_COMPILATION_CONDITIONS = "COURSE_JLPT $(inherited)";
				SWIFT_APPROACHABLE_CONCURRENCY = YES;
				SWIFT_DEFAULT_ACTOR_ISOLATION = MainActor;
				SWIFT_EMIT_LOC_STRINGS = YES;
				SWIFT_UPCOMING_FEATURE_MEMBER_IMPORT_VISIBILITY = YES;
				SWIFT_VERSION = 5.0;
				TARGETED_DEVICE_FAMILY = "1,2";
			};
			name = Release;
		};
		AA7CC709302A13DE007DA35F /* Debug */ = {
			isa = XCBuildConfiguration;
			buildSettings = {
				CODE_SIGN_STYLE = Automatic;
				CURRENT_PROJECT_VERSION = 1;
				DEVELOPMENT_TEAM = CC4C8V8BXN;
				GENERATE_INFOPLIST_FILE = YES;
				MARKETING_VERSION = 1.0;
				PRODUCT_BUNDLE_IDENTIFIER = com.kfpun.jlptjpUITests;
				PRODUCT_NAME = "$(TARGET_NAME)";
				STRING_CATALOG_GENERATE_SYMBOLS = NO;
				SWIFT_APPROACHABLE_CONCURRENCY = YES;
				SWIFT_EMIT_LOC_STRINGS = NO;
				SWIFT_UPCOMING_FEATURE_MEMBER_IMPORT_VISIBILITY = YES;
				SWIFT_VERSION = 5.0;
				TARGETED_DEVICE_FAMILY = "1,2";
				TEST_TARGET_NAME = jlpt;
			};
			name = Debug;
		};
		AA7CC70A302A13DE007DA35F /* Release */ = {
			isa = XCBuildConfiguration;
			buildSettings = {
				CODE_SIGN_STYLE = Automatic;
				CURRENT_PROJECT_VERSION = 1;
				DEVELOPMENT_TEAM = CC4C8V8BXN;
				GENERATE_INFOPLIST_FILE = YES;
				MARKETING_VERSION = 1.0;
				PRODUCT_BUNDLE_IDENTIFIER = com.kfpun.jlptjpUITests;
				PRODUCT_NAME = "$(TARGET_NAME)";
				STRING_CATALOG_GENERATE_SYMBOLS = NO;
				SWIFT_APPROACHABLE_CONCURRENCY = YES;
				SWIFT_EMIT_LOC_STRINGS = NO;
				SWIFT_UPCOMING_FEATURE_MEMBER_IMPORT_VISIBILITY = YES;
				SWIFT_VERSION = 5.0;
				TARGETED_DEVICE_FAMILY = "1,2";
				TEST_TARGET_NAME = jlpt;
			};
			name = Release;
		};
		AA7CC808302A13DE007DA35F /* Debug */ = {
			isa = XCBuildConfiguration;
			buildSettings = {
				CODE_SIGN_ENTITLEMENTS = OneSignalNSE.entitlements;
				CODE_SIGN_STYLE = Automatic;
				CURRENT_PROJECT_VERSION = 25;
				DEVELOPMENT_TEAM = CC4C8V8BXN;
				GENERATE_INFOPLIST_FILE = YES;
				INFOPLIST_FILE = "OneSignalNSE-Info.plist";
				INFOPLIST_KEY_CFBundleDisplayName = OneSignalNSE;
				INFOPLIST_KEY_NSHumanReadableCopyright = "";
				LD_RUNPATH_SEARCH_PATHS = (
					"$(inherited)",
					"@executable_path/Frameworks",
					"@executable_path/../../Frameworks",
				);
				MARKETING_VERSION = 3.0.1;
				PRODUCT_BUNDLE_IDENTIFIER = com.kfpun.nihongo.OneSignalNSE;
				PRODUCT_NAME = "$(TARGET_NAME)";
				SKIP_INSTALL = YES;
				SWIFT_APPROACHABLE_CONCURRENCY = YES;
				SWIFT_EMIT_LOC_STRINGS = YES;
				SWIFT_VERSION = 5.0;
				TARGETED_DEVICE_FAMILY = "1,2";
			};
			name = Debug;
		};
		AA7CC809302A13DE007DA35F /* Release */ = {
			isa = XCBuildConfiguration;
			buildSettings = {
				CODE_SIGN_ENTITLEMENTS = OneSignalNSE.entitlements;
				CODE_SIGN_STYLE = Automatic;
				CURRENT_PROJECT_VERSION = 25;
				DEVELOPMENT_TEAM = CC4C8V8BXN;
				GENERATE_INFOPLIST_FILE = YES;
				INFOPLIST_FILE = "OneSignalNSE-Info.plist";
				INFOPLIST_KEY_CFBundleDisplayName = OneSignalNSE;
				INFOPLIST_KEY_NSHumanReadableCopyright = "";
				LD_RUNPATH_SEARCH_PATHS = (
					"$(inherited)",
					"@executable_path/Frameworks",
					"@executable_path/../../Frameworks",
				);
				MARKETING_VERSION = 3.0.1;
				PRODUCT_BUNDLE_IDENTIFIER = com.kfpun.nihongo.OneSignalNSE;
				PRODUCT_NAME = "$(TARGET_NAME)";
				SKIP_INSTALL = YES;
				SWIFT_APPROACHABLE_CONCURRENCY = YES;
				SWIFT_EMIT_LOC_STRINGS = YES;
				SWIFT_VERSION = 5.0;
				TARGETED_DEVICE_FAMILY = "1,2";
			};
			name = Release;
		};
		AADA498630235791006010F5 /* Debug */ = {
			isa = XCBuildConfiguration;
			buildSettings = {
				ALWAYS_SEARCH_USER_PATHS = NO;
				ASSETCATALOG_COMPILER_GENERATE_SWIFT_ASSET_SYMBOL_EXTENSIONS = YES;
				CLANG_ANALYZER_NONNULL = YES;
				CLANG_ANALYZER_NUMBER_OBJECT_CONVERSION = YES_AGGRESSIVE;
				CLANG_CXX_LANGUAGE_STANDARD = "gnu++20";
				CLANG_ENABLE_MODULES = YES;
				CLANG_ENABLE_OBJC_ARC = YES;
				CLANG_ENABLE_OBJC_WEAK = YES;
				CLANG_WARN_BLOCK_CAPTURE_AUTORELEASING = YES;
				CLANG_WARN_BOOL_CONVERSION = YES;
				CLANG_WARN_COMMA = YES;
				CLANG_WARN_CONSTANT_CONVERSION = YES;
				CLANG_WARN_DEPRECATED_OBJC_IMPLEMENTATIONS = YES;
				CLANG_WARN_DIRECT_OBJC_ISA_USAGE = YES_ERROR;
				CLANG_WARN_DOCUMENTATION_COMMENTS = YES;
				CLANG_WARN_EMPTY_BODY = YES;
				CLANG_WARN_ENUM_CONVERSION = YES;
				CLANG_WARN_INFINITE_RECURSION = YES;
				CLANG_WARN_INT_CONVERSION = YES;
				CLANG_WARN_NON_LITERAL_NULL_CONVERSION = YES;
				CLANG_WARN_OBJC_IMPLICIT_RETAIN_SELF = YES;
				CLANG_WARN_OBJC_LITERAL_CONVERSION = YES;
				CLANG_WARN_OBJC_ROOT_CLASS = YES_ERROR;
				CLANG_WARN_QUOTED_INCLUDE_IN_FRAMEWORK_HEADER = YES;
				CLANG_WARN_RANGE_LOOP_ANALYSIS = YES;
				CLANG_WARN_STRICT_PROTOTYPES = YES;
				CLANG_WARN_SUSPICIOUS_MOVE = YES;
				CLANG_WARN_UNGUARDED_AVAILABILITY = YES_AGGRESSIVE;
				CLANG_WARN_UNREACHABLE_CODE = YES;
				CLANG_WARN__DUPLICATE_METHOD_MATCH = YES;
				COPY_PHASE_STRIP = NO;
				DEBUG_INFORMATION_FORMAT = dwarf;
				DEVELOPMENT_TEAM = 5K3ELU55Z7;
				ENABLE_STRICT_OBJC_MSGSEND = YES;
				ENABLE_TESTABILITY = YES;
				ENABLE_USER_SCRIPT_SANDBOXING = YES;
				GCC_C_LANGUAGE_STANDARD = gnu17;
				GCC_DYNAMIC_NO_PIC = NO;
				GCC_NO_COMMON_BLOCKS = YES;
				GCC_OPTIMIZATION_LEVEL = 0;
				GCC_PREPROCESSOR_DEFINITIONS = (
					"DEBUG=1",
					"$(inherited)",
				);
				GCC_WARN_64_TO_32_BIT_CONVERSION = YES;
				GCC_WARN_ABOUT_RETURN_TYPE = YES_ERROR;
				GCC_WARN_UNDECLARED_SELECTOR = YES;
				GCC_WARN_UNINITIALIZED_AUTOS = YES_AGGRESSIVE;
				GCC_WARN_UNUSED_FUNCTION = YES;
				GCC_WARN_UNUSED_VARIABLE = YES;
				IPHONEOS_DEPLOYMENT_TARGET = 26.5;
				LOCALIZATION_PREFERS_STRING_CATALOGS = YES;
				MTL_ENABLE_DEBUG_INFO = INCLUDE_SOURCE;
				MTL_FAST_MATH = YES;
				ONLY_ACTIVE_ARCH = YES;
				SDKROOT = iphoneos;
				SWIFT_ACTIVE_COMPILATION_CONDITIONS = "DEBUG $(inherited)";
				SWIFT_OPTIMIZATION_LEVEL = "-Onone";
			};
			name = Debug;
		};
		AADA498730235791006010F5 /* Release */ = {
			isa = XCBuildConfiguration;
			buildSettings = {
				ALWAYS_SEARCH_USER_PATHS = NO;
				ASSETCATALOG_COMPILER_GENERATE_SWIFT_ASSET_SYMBOL_EXTENSIONS = YES;
				CLANG_ANALYZER_NONNULL = YES;
				CLANG_ANALYZER_NUMBER_OBJECT_CONVERSION = YES_AGGRESSIVE;
				CLANG_CXX_LANGUAGE_STANDARD = "gnu++20";
				CLANG_ENABLE_MODULES = YES;
				CLANG_ENABLE_OBJC_ARC = YES;
				CLANG_ENABLE_OBJC_WEAK = YES;
				CLANG_WARN_BLOCK_CAPTURE_AUTORELEASING = YES;
				CLANG_WARN_BOOL_CONVERSION = YES;
				CLANG_WARN_COMMA = YES;
				CLANG_WARN_CONSTANT_CONVERSION = YES;
				CLANG_WARN_DEPRECATED_OBJC_IMPLEMENTATIONS = YES;
				CLANG_WARN_DIRECT_OBJC_ISA_USAGE = YES_ERROR;
				CLANG_WARN_DOCUMENTATION_COMMENTS = YES;
				CLANG_WARN_EMPTY_BODY = YES;
				CLANG_WARN_ENUM_CONVERSION = YES;
				CLANG_WARN_INFINITE_RECURSION = YES;
				CLANG_WARN_INT_CONVERSION = YES;
				CLANG_WARN_NON_LITERAL_NULL_CONVERSION = YES;
				CLANG_WARN_OBJC_IMPLICIT_RETAIN_SELF = YES;
				CLANG_WARN_OBJC_LITERAL_CONVERSION = YES;
				CLANG_WARN_OBJC_ROOT_CLASS = YES_ERROR;
				CLANG_WARN_QUOTED_INCLUDE_IN_FRAMEWORK_HEADER = YES;
				CLANG_WARN_RANGE_LOOP_ANALYSIS = YES;
				CLANG_WARN_STRICT_PROTOTYPES = YES;
				CLANG_WARN_SUSPICIOUS_MOVE = YES;
				CLANG_WARN_UNGUARDED_AVAILABILITY = YES_AGGRESSIVE;
				CLANG_WARN_UNREACHABLE_CODE = YES;
				CLANG_WARN__DUPLICATE_METHOD_MATCH = YES;
				COPY_PHASE_STRIP = NO;
				DEBUG_INFORMATION_FORMAT = "dwarf-with-dsym";
				DEVELOPMENT_TEAM = 5K3ELU55Z7;
				ENABLE_NS_ASSERTIONS = NO;
				ENABLE_STRICT_OBJC_MSGSEND = YES;
				ENABLE_USER_SCRIPT_SANDBOXING = YES;
				GCC_C_LANGUAGE_STANDARD = gnu17;
				GCC_NO_COMMON_BLOCKS = YES;
				GCC_WARN_64_TO_32_BIT_CONVERSION = YES;
				GCC_WARN_ABOUT_RETURN_TYPE = YES_ERROR;
				GCC_WARN_UNDECLARED_SELECTOR = YES;
				GCC_WARN_UNINITIALIZED_AUTOS = YES_AGGRESSIVE;
				GCC_WARN_UNUSED_FUNCTION = YES;
				GCC_WARN_UNUSED_VARIABLE = YES;
				IPHONEOS_DEPLOYMENT_TARGET = 26.5;
				LOCALIZATION_PREFERS_STRING_CATALOGS = YES;
				MTL_ENABLE_DEBUG_INFO = NO;
				MTL_FAST_MATH = YES;
				SDKROOT = iphoneos;
				SWIFT_COMPILATION_MODE = wholemodule;
				VALIDATE_PRODUCT = YES;
			};
			name = Release;
		};
		AADA498930235791006010F5 /* Debug */ = {
			isa = XCBuildConfiguration;
			buildSettings = {
				ASSETCATALOG_COMPILER_APPICON_NAME = AppIcon;
				ASSETCATALOG_COMPILER_GLOBAL_ACCENT_COLOR_NAME = AccentColor;
				CODE_SIGN_ENTITLEMENTS = nihongo.entitlements;
				CODE_SIGN_STYLE = Automatic;
				CURRENT_PROJECT_VERSION = 25;
				DEVELOPMENT_TEAM = CC4C8V8BXN;
				ENABLE_PREVIEWS = YES;
				GENERATE_INFOPLIST_FILE = YES;
				INFOPLIST_FILE = Info.plist;
				INFOPLIST_KEY_LSApplicationCategoryType = "public.app-category.education";
				INFOPLIST_KEY_UIApplicationSceneManifest_Generation = YES;
				INFOPLIST_KEY_UIApplicationSupportsIndirectInputEvents = YES;
				INFOPLIST_KEY_UILaunchScreen_Generation = YES;
				INFOPLIST_KEY_UISupportedInterfaceOrientations_iPad = "UIInterfaceOrientationPortrait UIInterfaceOrientationPortraitUpsideDown UIInterfaceOrientationLandscapeLeft UIInterfaceOrientationLandscapeRight";
				INFOPLIST_KEY_UISupportedInterfaceOrientations_iPhone = "UIInterfaceOrientationPortrait UIInterfaceOrientationLandscapeLeft UIInterfaceOrientationLandscapeRight";
				LD_RUNPATH_SEARCH_PATHS = (
					"$(inherited)",
					"@executable_path/Frameworks",
				);
				MARKETING_VERSION = 3.0.1;
				PRODUCT_BUNDLE_IDENTIFIER = com.kfpun.nihongo;
				PRODUCT_NAME = "$(TARGET_NAME)";
				STRING_CATALOG_GENERATE_SYMBOLS = YES;
				SWIFT_APPROACHABLE_CONCURRENCY = YES;
				SWIFT_DEFAULT_ACTOR_ISOLATION = MainActor;
				SWIFT_EMIT_LOC_STRINGS = YES;
				SWIFT_UPCOMING_FEATURE_MEMBER_IMPORT_VISIBILITY = YES;
				SWIFT_VERSION = 5.0;
				TARGETED_DEVICE_FAMILY = "1,2";
			};
			name = Debug;
		};
		AADA498A30235791006010F5 /* Release */ = {
			isa = XCBuildConfiguration;
			buildSettings = {
				ASSETCATALOG_COMPILER_APPICON_NAME = AppIcon;
				ASSETCATALOG_COMPILER_GLOBAL_ACCENT_COLOR_NAME = AccentColor;
				CODE_SIGN_ENTITLEMENTS = nihongo.entitlements;
				CODE_SIGN_STYLE = Automatic;
				CURRENT_PROJECT_VERSION = 25;
				DEVELOPMENT_TEAM = CC4C8V8BXN;
				ENABLE_PREVIEWS = YES;
				GENERATE_INFOPLIST_FILE = YES;
				INFOPLIST_FILE = Info.plist;
				INFOPLIST_KEY_LSApplicationCategoryType = "public.app-category.education";
				INFOPLIST_KEY_UIApplicationSceneManifest_Generation = YES;
				INFOPLIST_KEY_UIApplicationSupportsIndirectInputEvents = YES;
				INFOPLIST_KEY_UILaunchScreen_Generation = YES;
				INFOPLIST_KEY_UISupportedInterfaceOrientations_iPad = "UIInterfaceOrientationPortrait UIInterfaceOrientationPortraitUpsideDown UIInterfaceOrientationLandscapeLeft UIInterfaceOrientationLandscapeRight";
				INFOPLIST_KEY_UISupportedInterfaceOrientations_iPhone = "UIInterfaceOrientationPortrait UIInterfaceOrientationLandscapeLeft UIInterfaceOrientationLandscapeRight";
				LD_RUNPATH_SEARCH_PATHS = (
					"$(inherited)",
					"@executable_path/Frameworks",
				);
				MARKETING_VERSION = 3.0.1;
				PRODUCT_BUNDLE_IDENTIFIER = com.kfpun.nihongo;
				PRODUCT_NAME = "$(TARGET_NAME)";
				STRING_CATALOG_GENERATE_SYMBOLS = YES;
				SWIFT_APPROACHABLE_CONCURRENCY = YES;
				SWIFT_DEFAULT_ACTOR_ISOLATION = MainActor;
				SWIFT_EMIT_LOC_STRINGS = YES;
				SWIFT_UPCOMING_FEATURE_MEMBER_IMPORT_VISIBILITY = YES;
				SWIFT_VERSION = 5.0;
				TARGETED_DEVICE_FAMILY = "1,2";
			};
			name = Release;
		};
		AADA498C30235791006010F5 /* Debug */ = {
			isa = XCBuildConfiguration;
			buildSettings = {
				BUNDLE_LOADER = "$(TEST_HOST)";
				CODE_SIGN_STYLE = Automatic;
				CURRENT_PROJECT_VERSION = 19;
				DEVELOPMENT_TEAM = 5K3ELU55Z7;
				GENERATE_INFOPLIST_FILE = YES;
				IPHONEOS_DEPLOYMENT_TARGET = 26.5;
				MARKETING_VERSION = 3.0.0;
				PRODUCT_BUNDLE_IDENTIFIER = com.kfpun.nihongoTests;
				PRODUCT_NAME = "$(TARGET_NAME)";
				STRING_CATALOG_GENERATE_SYMBOLS = NO;
				SWIFT_APPROACHABLE_CONCURRENCY = YES;
				SWIFT_EMIT_LOC_STRINGS = NO;
				SWIFT_UPCOMING_FEATURE_MEMBER_IMPORT_VISIBILITY = YES;
				SWIFT_VERSION = 5.0;
				TARGETED_DEVICE_FAMILY = "1,2";
				TEST_HOST = "$(BUILT_PRODUCTS_DIR)/nihongo.app/$(BUNDLE_EXECUTABLE_FOLDER_PATH)/nihongo";
			};
			name = Debug;
		};
		AADA498D30235791006010F5 /* Release */ = {
			isa = XCBuildConfiguration;
			buildSettings = {
				BUNDLE_LOADER = "$(TEST_HOST)";
				CODE_SIGN_STYLE = Automatic;
				CURRENT_PROJECT_VERSION = 19;
				DEVELOPMENT_TEAM = 5K3ELU55Z7;
				GENERATE_INFOPLIST_FILE = YES;
				IPHONEOS_DEPLOYMENT_TARGET = 26.5;
				MARKETING_VERSION = 3.0.0;
				PRODUCT_BUNDLE_IDENTIFIER = com.kfpun.nihongoTests;
				PRODUCT_NAME = "$(TARGET_NAME)";
				STRING_CATALOG_GENERATE_SYMBOLS = NO;
				SWIFT_APPROACHABLE_CONCURRENCY = YES;
				SWIFT_EMIT_LOC_STRINGS = NO;
				SWIFT_UPCOMING_FEATURE_MEMBER_IMPORT_VISIBILITY = YES;
				SWIFT_VERSION = 5.0;
				TARGETED_DEVICE_FAMILY = "1,2";
				TEST_HOST = "$(BUILT_PRODUCTS_DIR)/nihongo.app/$(BUNDLE_EXECUTABLE_FOLDER_PATH)/nihongo";
			};
			name = Release;
		};
		AADA498F30235791006010F5 /* Debug */ = {
			isa = XCBuildConfiguration;
			buildSettings = {
				CODE_SIGN_STYLE = Automatic;
				CURRENT_PROJECT_VERSION = 19;
				DEVELOPMENT_TEAM = 5K3ELU55Z7;
				GENERATE_INFOPLIST_FILE = YES;
				MARKETING_VERSION = 3.0.0;
				PRODUCT_BUNDLE_IDENTIFIER = com.kfpun.nihongoUITests;
				PRODUCT_NAME = "$(TARGET_NAME)";
				STRING_CATALOG_GENERATE_SYMBOLS = NO;
				SWIFT_APPROACHABLE_CONCURRENCY = YES;
				SWIFT_EMIT_LOC_STRINGS = NO;
				SWIFT_UPCOMING_FEATURE_MEMBER_IMPORT_VISIBILITY = YES;
				SWIFT_VERSION = 5.0;
				TARGETED_DEVICE_FAMILY = "1,2";
				TEST_TARGET_NAME = nihongo;
			};
			name = Debug;
		};
		AADA499030235791006010F5 /* Release */ = {
			isa = XCBuildConfiguration;
			buildSettings = {
				CODE_SIGN_STYLE = Automatic;
				CURRENT_PROJECT_VERSION = 19;
				DEVELOPMENT_TEAM = 5K3ELU55Z7;
				GENERATE_INFOPLIST_FILE = YES;
				MARKETING_VERSION = 3.0.0;
				PRODUCT_BUNDLE_IDENTIFIER = com.kfpun.nihongoUITests;
				PRODUCT_NAME = "$(TARGET_NAME)";
				STRING_CATALOG_GENERATE_SYMBOLS = NO;
				SWIFT_APPROACHABLE_CONCURRENCY = YES;
				SWIFT_EMIT_LOC_STRINGS = NO;
				SWIFT_UPCOMING_FEATURE_MEMBER_IMPORT_VISIBILITY = YES;
				SWIFT_VERSION = 5.0;
				TARGETED_DEVICE_FAMILY = "1,2";
				TEST_TARGET_NAME = nihongo;
			};
			name = Release;
		};
		AAF4D4D030247E61001F7D2E /* Debug */ = {
			isa = XCBuildConfiguration;
			buildSettings = {
				ASSETCATALOG_COMPILER_GLOBAL_ACCENT_COLOR_NAME = AccentColor;
				ASSETCATALOG_COMPILER_WIDGET_BACKGROUND_COLOR_NAME = WidgetBackground;
				CODE_SIGN_ENTITLEMENTS = TodayWidgetExtension.entitlements;
				CODE_SIGN_STYLE = Automatic;
				CURRENT_PROJECT_VERSION = 25;
				DEVELOPMENT_TEAM = CC4C8V8BXN;
				GENERATE_INFOPLIST_FILE = YES;
				INFOPLIST_FILE = TodayWidget/Info.plist;
				INFOPLIST_KEY_CFBundleDisplayName = TodayWidget;
				INFOPLIST_KEY_NSHumanReadableCopyright = "";
				LD_RUNPATH_SEARCH_PATHS = (
					"$(inherited)",
					"@executable_path/Frameworks",
					"@executable_path/../../Frameworks",
				);
				MARKETING_VERSION = 3.0.1;
				PRODUCT_BUNDLE_IDENTIFIER = com.kfpun.nihongo.TodayWidget;
				PRODUCT_NAME = "$(TARGET_NAME)";
				SKIP_INSTALL = YES;
				STRING_CATALOG_GENERATE_SYMBOLS = YES;
				SWIFT_APPROACHABLE_CONCURRENCY = YES;
				SWIFT_EMIT_LOC_STRINGS = YES;
				SWIFT_UPCOMING_FEATURE_MEMBER_IMPORT_VISIBILITY = YES;
				SWIFT_VERSION = 5.0;
				TARGETED_DEVICE_FAMILY = "1,2";
			};
			name = Debug;
		};
		AAF4D4D130247E61001F7D2E /* Release */ = {
			isa = XCBuildConfiguration;
			buildSettings = {
				ASSETCATALOG_COMPILER_GLOBAL_ACCENT_COLOR_NAME = AccentColor;
				ASSETCATALOG_COMPILER_WIDGET_BACKGROUND_COLOR_NAME = WidgetBackground;
				CODE_SIGN_ENTITLEMENTS = TodayWidgetExtension.entitlements;
				CODE_SIGN_STYLE = Automatic;
				CURRENT_PROJECT_VERSION = 25;
				DEVELOPMENT_TEAM = CC4C8V8BXN;
				GENERATE_INFOPLIST_FILE = YES;
				INFOPLIST_FILE = TodayWidget/Info.plist;
				INFOPLIST_KEY_CFBundleDisplayName = TodayWidget;
				INFOPLIST_KEY_NSHumanReadableCopyright = "";
				LD_RUNPATH_SEARCH_PATHS = (
					"$(inherited)",
					"@executable_path/Frameworks",
					"@executable_path/../../Frameworks",
				);
				MARKETING_VERSION = 3.0.1;
				PRODUCT_BUNDLE_IDENTIFIER = com.kfpun.nihongo.TodayWidget;
				PRODUCT_NAME = "$(TARGET_NAME)";
				SKIP_INSTALL = YES;
				STRING_CATALOG_GENERATE_SYMBOLS = YES;
				SWIFT_APPROACHABLE_CONCURRENCY = YES;
				SWIFT_EMIT_LOC_STRINGS = YES;
				SWIFT_UPCOMING_FEATURE_MEMBER_IMPORT_VISIBILITY = YES;
				SWIFT_VERSION = 5.0;
				TARGETED_DEVICE_FAMILY = "1,2";
			};
			name = Release;
		};
		AAF4E00930250001001F7D2E /* Debug */ = {
			isa = XCBuildConfiguration;
			buildSettings = {
				ASSETCATALOG_COMPILER_APPICON_NAME = AppIcon;
				ASSETCATALOG_COMPILER_GLOBAL_ACCENT_COLOR_NAME = AccentColor;
				CODE_SIGN_ENTITLEMENTS = WatchApp.entitlements;
				CODE_SIGN_STYLE = Automatic;
				CURRENT_PROJECT_VERSION = 25;
				DEVELOPMENT_TEAM = CC4C8V8BXN;
				ENABLE_PREVIEWS = YES;
				GENERATE_INFOPLIST_FILE = YES;
				INFOPLIST_KEY_CFBundleDisplayName = "Japanese Daily";
				INFOPLIST_KEY_WKApplication = YES;
				INFOPLIST_KEY_WKCompanionAppBundleIdentifier = com.kfpun.nihongo;
				INFOPLIST_KEY_WKRunsIndependentlyOfCompanionApp = NO;
				LD_RUNPATH_SEARCH_PATHS = (
					"$(inherited)",
					"@executable_path/Frameworks",
				);
				MARKETING_VERSION = 3.0.1;
				PRODUCT_BUNDLE_IDENTIFIER = com.kfpun.nihongo.watchkitapp;
				PRODUCT_NAME = "$(TARGET_NAME)";
				SDKROOT = watchos;
				SKIP_INSTALL = YES;
				STRING_CATALOG_GENERATE_SYMBOLS = YES;
				SUPPORTED_PLATFORMS = "watchos watchsimulator";
				SWIFT_APPROACHABLE_CONCURRENCY = YES;
				SWIFT_DEFAULT_ACTOR_ISOLATION = MainActor;
				SWIFT_EMIT_LOC_STRINGS = YES;
				SWIFT_UPCOMING_FEATURE_MEMBER_IMPORT_VISIBILITY = YES;
				SWIFT_VERSION = 5.0;
				TARGETED_DEVICE_FAMILY = 4;
				WATCHOS_DEPLOYMENT_TARGET = 26.5;
			};
			name = Debug;
		};
		AAF4E00A30250001001F7D2E /* Release */ = {
			isa = XCBuildConfiguration;
			buildSettings = {
				ASSETCATALOG_COMPILER_APPICON_NAME = AppIcon;
				ASSETCATALOG_COMPILER_GLOBAL_ACCENT_COLOR_NAME = AccentColor;
				CODE_SIGN_ENTITLEMENTS = WatchApp.entitlements;
				CODE_SIGN_STYLE = Automatic;
				CURRENT_PROJECT_VERSION = 25;
				DEVELOPMENT_TEAM = CC4C8V8BXN;
				ENABLE_PREVIEWS = YES;
				GENERATE_INFOPLIST_FILE = YES;
				INFOPLIST_KEY_CFBundleDisplayName = "Japanese Daily";
				INFOPLIST_KEY_WKApplication = YES;
				INFOPLIST_KEY_WKCompanionAppBundleIdentifier = com.kfpun.nihongo;
				INFOPLIST_KEY_WKRunsIndependentlyOfCompanionApp = NO;
				LD_RUNPATH_SEARCH_PATHS = (
					"$(inherited)",
					"@executable_path/Frameworks",
				);
				MARKETING_VERSION = 3.0.1;
				PRODUCT_BUNDLE_IDENTIFIER = com.kfpun.nihongo.watchkitapp;
				PRODUCT_NAME = "$(TARGET_NAME)";
				SDKROOT = watchos;
				SKIP_INSTALL = YES;
				STRING_CATALOG_GENERATE_SYMBOLS = YES;
				SUPPORTED_PLATFORMS = "watchos watchsimulator";
				SWIFT_APPROACHABLE_CONCURRENCY = YES;
				SWIFT_DEFAULT_ACTOR_ISOLATION = MainActor;
				SWIFT_EMIT_LOC_STRINGS = YES;
				SWIFT_UPCOMING_FEATURE_MEMBER_IMPORT_VISIBILITY = YES;
				SWIFT_VERSION = 5.0;
				TARGETED_DEVICE_FAMILY = 4;
				WATCHOS_DEPLOYMENT_TARGET = 26.5;
			};
			name = Release;
		};
		AAF4E01930250001001F7D2E /* Debug */ = {
			isa = XCBuildConfiguration;
			buildSettings = {
				CODE_SIGN_ENTITLEMENTS = WatchWidgetExtension.entitlements;
				CODE_SIGN_STYLE = Automatic;
				CURRENT_PROJECT_VERSION = 25;
				DEVELOPMENT_TEAM = CC4C8V8BXN;
				GENERATE_INFOPLIST_FILE = YES;
				INFOPLIST_FILE = WatchWidget/Info.plist;
				INFOPLIST_KEY_CFBundleDisplayName = "Japanese Daily";
				INFOPLIST_KEY_NSHumanReadableCopyright = "";
				LD_RUNPATH_SEARCH_PATHS = (
					"$(inherited)",
					"@executable_path/Frameworks",
					"@executable_path/../../Frameworks",
				);
				MARKETING_VERSION = 3.0.1;
				PRODUCT_BUNDLE_IDENTIFIER = com.kfpun.nihongo.watchkitapp.WatchWidget;
				PRODUCT_NAME = "$(TARGET_NAME)";
				SDKROOT = watchos;
				SKIP_INSTALL = YES;
				STRING_CATALOG_GENERATE_SYMBOLS = YES;
				SUPPORTED_PLATFORMS = "watchos watchsimulator";
				SWIFT_APPROACHABLE_CONCURRENCY = YES;
				SWIFT_DEFAULT_ACTOR_ISOLATION = MainActor;
				SWIFT_EMIT_LOC_STRINGS = YES;
				SWIFT_UPCOMING_FEATURE_MEMBER_IMPORT_VISIBILITY = YES;
				SWIFT_VERSION = 5.0;
				TARGETED_DEVICE_FAMILY = 4;
				WATCHOS_DEPLOYMENT_TARGET = 26.5;
			};
			name = Debug;
		};
		AAF4E01A30250001001F7D2E /* Release */ = {
			isa = XCBuildConfiguration;
			buildSettings = {
				CODE_SIGN_ENTITLEMENTS = WatchWidgetExtension.entitlements;
				CODE_SIGN_STYLE = Automatic;
				CURRENT_PROJECT_VERSION = 25;
				DEVELOPMENT_TEAM = CC4C8V8BXN;
				GENERATE_INFOPLIST_FILE = YES;
				INFOPLIST_FILE = WatchWidget/Info.plist;
				INFOPLIST_KEY_CFBundleDisplayName = "Japanese Daily";
				INFOPLIST_KEY_NSHumanReadableCopyright = "";
				LD_RUNPATH_SEARCH_PATHS = (
					"$(inherited)",
					"@executable_path/Frameworks",
					"@executable_path/../../Frameworks",
				);
				MARKETING_VERSION = 3.0.1;
				PRODUCT_BUNDLE_IDENTIFIER = com.kfpun.nihongo.watchkitapp.WatchWidget;
				PRODUCT_NAME = "$(TARGET_NAME)";
				SDKROOT = watchos;
				SKIP_INSTALL = YES;
				STRING_CATALOG_GENERATE_SYMBOLS = YES;
				SUPPORTED_PLATFORMS = "watchos watchsimulator";
				SWIFT_APPROACHABLE_CONCURRENCY = YES;
				SWIFT_DEFAULT_ACTOR_ISOLATION = MainActor;
				SWIFT_EMIT_LOC_STRINGS = YES;
				SWIFT_UPCOMING_FEATURE_MEMBER_IMPORT_VISIBILITY = YES;
				SWIFT_VERSION = 5.0;
				TARGETED_DEVICE_FAMILY = 4;
				WATCHOS_DEPLOYMENT_TARGET = 26.5;
			};
			name = Release;
		};
/* End XCBuildConfiguration section */

/* Begin XCConfigurationList section */
		AA7CC522302A13E1007DA35F /* Build configuration list for PBXNativeTarget "jlpt" */ = {
			isa = XCConfigurationList;
			buildConfigurations = (
				AA7CC523302A13E1007DA35F /* Debug */,
				AA7CC524302A13E1007DA35F /* Release */,
			);
			defaultConfigurationIsVisible = 0;
			defaultConfigurationName = Release;
		};
		AA7CC708302A13DE007DA35F /* Build configuration list for PBXNativeTarget "jlptUITests" */ = {
			isa = XCConfigurationList;
			buildConfigurations = (
				AA7CC709302A13DE007DA35F /* Debug */,
				AA7CC70A302A13DE007DA35F /* Release */,
			);
			defaultConfigurationIsVisible = 0;
			defaultConfigurationName = Release;
		};
		AA7CC807302A13DE007DA35F /* Build configuration list for PBXNativeTarget "OneSignalNSE" */ = {
			isa = XCConfigurationList;
			buildConfigurations = (
				AA7CC808302A13DE007DA35F /* Debug */,
				AA7CC809302A13DE007DA35F /* Release */,
			);
			defaultConfigurationIsVisible = 0;
			defaultConfigurationName = Release;
		};
		AADA49603023578E006010F5 /* Build configuration list for PBXProject "nihongo" */ = {
			isa = XCConfigurationList;
			buildConfigurations = (
				AADA498630235791006010F5 /* Debug */,
				AADA498730235791006010F5 /* Release */,
			);
			defaultConfigurationIsVisible = 0;
			defaultConfigurationName = Release;
		};
		AADA498830235791006010F5 /* Build configuration list for PBXNativeTarget "nihongo" */ = {
			isa = XCConfigurationList;
			buildConfigurations = (
				AADA498930235791006010F5 /* Debug */,
				AADA498A30235791006010F5 /* Release */,
			);
			defaultConfigurationIsVisible = 0;
			defaultConfigurationName = Release;
		};
		AADA498B30235791006010F5 /* Build configuration list for PBXNativeTarget "nihongoTests" */ = {
			isa = XCConfigurationList;
			buildConfigurations = (
				AADA498C30235791006010F5 /* Debug */,
				AADA498D30235791006010F5 /* Release */,
			);
			defaultConfigurationIsVisible = 0;
			defaultConfigurationName = Release;
		};
		AADA498E30235791006010F5 /* Build configuration list for PBXNativeTarget "nihongoUITests" */ = {
			isa = XCConfigurationList;
			buildConfigurations = (
				AADA498F30235791006010F5 /* Debug */,
				AADA499030235791006010F5 /* Release */,
			);
			defaultConfigurationIsVisible = 0;
			defaultConfigurationName = Release;
		};
		AAF4D4CF30247E61001F7D2E /* Build configuration list for PBXNativeTarget "TodayWidgetExtension" */ = {
			isa = XCConfigurationList;
			buildConfigurations = (
				AAF4D4D030247E61001F7D2E /* Debug */,
				AAF4D4D130247E61001F7D2E /* Release */,
			);
			defaultConfigurationIsVisible = 0;
			defaultConfigurationName = Release;
		};
		AAF4E00830250001001F7D2E /* Build configuration list for PBXNativeTarget "WatchApp" */ = {
			isa = XCConfigurationList;
			buildConfigurations = (
				AAF4E00930250001001F7D2E /* Debug */,
				AAF4E00A30250001001F7D2E /* Release */,
			);
			defaultConfigurationIsVisible = 0;
			defaultConfigurationName = Release;
		};
		AAF4E01830250001001F7D2E /* Build configuration list for PBXNativeTarget "WatchWidgetExtension" */ = {
			isa = XCConfigurationList;
			buildConfigurations = (
				AAF4E01930250001001F7D2E /* Debug */,
				AAF4E01A30250001001F7D2E /* Release */,
			);
			defaultConfigurationIsVisible = 0;
			defaultConfigurationName = Release;
		};
/* End XCConfigurationList section */

/* Begin XCRemoteSwiftPackageReference section */
		AA7CC7D0302A13DE007DA35F /* XCRemoteSwiftPackageReference "OneSignal-XCFramework" */ = {
			isa = XCRemoteSwiftPackageReference;
			repositoryURL = "https://github.com/OneSignal/OneSignal-XCFramework";
			requirement = {
				kind = upToNextMajorVersion;
				minimumVersion = 5.2.14;
			};
		};
		AADAA70B3023ACC5006010F5 /* XCRemoteSwiftPackageReference "swift-package-manager-google-mobile-ads" */ = {
			isa = XCRemoteSwiftPackageReference;
			repositoryURL = "https://github.com/googleads/swift-package-manager-google-mobile-ads";
			requirement = {
				kind = upToNextMajorVersion;
				minimumVersion = 13.7.0;
			};
		};
		AAF4B1BB30245931001F7D2E /* XCRemoteSwiftPackageReference "firebase-ios-sdk" */ = {
			isa = XCRemoteSwiftPackageReference;
			repositoryURL = "https://github.com/firebase/firebase-ios-sdk";
			requirement = {
				kind = upToNextMajorVersion;
				minimumVersion = 12.17.0;
			};
		};
/* End XCRemoteSwiftPackageReference section */

/* Begin XCSwiftPackageProductDependency section */
		AA7CC4F530279674007DA35F /* FirebaseFirestore */ = {
			isa = XCSwiftPackageProductDependency;
			package = AAF4B1BB30245931001F7D2E /* XCRemoteSwiftPackageReference "firebase-ios-sdk" */;
			productName = FirebaseFirestore;
		};
		AA7CC4F730279680007DA35F /* FirebaseAppCheck */ = {
			isa = XCSwiftPackageProductDependency;
			package = AAF4B1BB30245931001F7D2E /* XCRemoteSwiftPackageReference "firebase-ios-sdk" */;
			productName = FirebaseAppCheck;
		};
		AA7CC611302A13DE007DA35F /* FirebaseAnalytics */ = {
			isa = XCSwiftPackageProductDependency;
			package = AAF4B1BB30245931001F7D2E /* XCRemoteSwiftPackageReference "firebase-ios-sdk" */;
			productName = FirebaseAnalytics;
		};
		AA7CC612302A13DE007DA35F /* FirebaseCrashlytics */ = {
			isa = XCSwiftPackageProductDependency;
			package = AAF4B1BB30245931001F7D2E /* XCRemoteSwiftPackageReference "firebase-ios-sdk" */;
			productName = FirebaseCrashlytics;
		};
		AA7CC613302A13DE007DA35F /* FirebaseFirestore */ = {
			isa = XCSwiftPackageProductDependency;
			package = AAF4B1BB30245931001F7D2E /* XCRemoteSwiftPackageReference "firebase-ios-sdk" */;
			productName = FirebaseFirestore;
		};
		AA7CC614302A13DE007DA35F /* FirebaseAppCheck */ = {
			isa = XCSwiftPackageProductDependency;
			package = AAF4B1BB30245931001F7D2E /* XCRemoteSwiftPackageReference "firebase-ios-sdk" */;
			productName = FirebaseAppCheck;
		};
		AA7CC615302A13DE007DA35F /* GoogleMobileAds */ = {
			isa = XCSwiftPackageProductDependency;
			package = AADAA70B3023ACC5006010F5 /* XCRemoteSwiftPackageReference "swift-package-manager-google-mobile-ads" */;
			productName = GoogleMobileAds;
		};
		AA7CC7A1302A13DE007DA35F /* FirebasePerformance */ = {
			isa = XCSwiftPackageProductDependency;
			package = AAF4B1BB30245931001F7D2E /* XCRemoteSwiftPackageReference "firebase-ios-sdk" */;
			productName = FirebasePerformance;
		};
		AA7CC7A3302A13DE007DA35F /* FirebasePerformance */ = {
			isa = XCSwiftPackageProductDependency;
			package = AAF4B1BB30245931001F7D2E /* XCRemoteSwiftPackageReference "firebase-ios-sdk" */;
			productName = FirebasePerformance;
		};
		AA7CC7B1302A13DE007DA35F /* FirebaseMessaging */ = {
			isa = XCSwiftPackageProductDependency;
			package = AAF4B1BB30245931001F7D2E /* XCRemoteSwiftPackageReference "firebase-ios-sdk" */;
			productName = FirebaseMessaging;
		};
		AA7CC7B3302A13DE007DA35F /* FirebaseMessaging */ = {
			isa = XCSwiftPackageProductDependency;
			package = AAF4B1BB30245931001F7D2E /* XCRemoteSwiftPackageReference "firebase-ios-sdk" */;
			productName = FirebaseMessaging;
		};
		AA7CC7C1302A13DE007DA35F /* OneSignalFramework */ = {
			isa = XCSwiftPackageProductDependency;
			package = AA7CC7D0302A13DE007DA35F /* XCRemoteSwiftPackageReference "OneSignal-XCFramework" */;
			productName = OneSignalFramework;
		};
		AA7CC7C3302A13DE007DA35F /* OneSignalFramework */ = {
			isa = XCSwiftPackageProductDependency;
			package = AA7CC7D0302A13DE007DA35F /* XCRemoteSwiftPackageReference "OneSignal-XCFramework" */;
			productName = OneSignalFramework;
		};
		AA7CC80D302A13DE007DA35F /* OneSignalExtension */ = {
			isa = XCSwiftPackageProductDependency;
			package = AA7CC7D0302A13DE007DA35F /* XCRemoteSwiftPackageReference "OneSignal-XCFramework" */;
			productName = OneSignalExtension;
		};
		AADAA70C3023ACC5006010F5 /* GoogleMobileAds */ = {
			isa = XCSwiftPackageProductDependency;
			package = AADAA70B3023ACC5006010F5 /* XCRemoteSwiftPackageReference "swift-package-manager-google-mobile-ads" */;
			productName = GoogleMobileAds;
		};
		AAF4B1BC30245931001F7D2E /* FirebaseAnalytics */ = {
			isa = XCSwiftPackageProductDependency;
			package = AAF4B1BB30245931001F7D2E /* XCRemoteSwiftPackageReference "firebase-ios-sdk" */;
			productName = FirebaseAnalytics;
		};
		AAF4B1BE30245931001F7D2E /* FirebaseCrashlytics */ = {
			isa = XCSwiftPackageProductDependency;
			package = AAF4B1BB30245931001F7D2E /* XCRemoteSwiftPackageReference "firebase-ios-sdk" */;
			productName = FirebaseCrashlytics;
		};
/* End XCSwiftPackageProductDependency section */
	};
	rootObject = AADA495D3023578E006010F5 /* Project object */;
}
